// !$*UTF8*$!
{
	archiveVersion = 1;
	classes = {
	};
	objectVersion = 56;
	objects = {

/* Begin PBXBuildFile section */
		72F6BCCE2AD912F900B24CB2 /* AppDelegate.swift in Sources */ = {isa = PBXBuildFile; fileRef = 72F6BCCD2AD912F900B24CB2 /* AppDelegate.swift */; };
		72F6BCD02AD912F900B24CB2 /* SceneDelegate.swift in Sources */ = {isa = PBXBuildFile; fileRef = 72F6BCCF2AD912F900B24CB2 /* SceneDelegate.swift */; };
		72F6BCD22AD912F900B24CB2 /* ViewController.swift in Sources */ = {isa = PBXBuildFile; fileRef = 72F6BCD12AD912F900B24CB2 /* ViewController.swift */; };
		72F6BCD52AD912F900B24CB2 /* Main.storyboard in Resources */ = {isa = PBXBuildFile; fileRef = 72F6BCD32AD912F900B24CB2 /* Main.storyboard */; };
		72F6BCD72AD912FA00B24CB2 /* Assets.xcassets in Resources */ = {isa = PBXBuildFile; fileRef = 72F6BCD62AD912FA00B24CB2 /* Assets.xcassets */; };
		72F6BCDA2AD912FA00B24CB2 /* LaunchScreen.storyboard in Resources */ = {isa = PBXBuildFile; fileRef = 72F6BCD82AD912FA00B24CB2 /* LaunchScreen.storyboard */; };
		72F6BCE52AD912FA00B24CB2 /* BedTime_StoriesTests.swift in Sources */ = {isa = PBXBuildFile; fileRef = 72F6BCE42AD912FA00B24CB2 /* BedTime_StoriesTests.swift */; };
		72F6BCEF2AD912FA00B24CB2 /* BedTime_StoriesUITests.swift in Sources */ = {isa = PBXBuildFile; fileRef = 72F6BCEE2AD912FA00B24CB2 /* BedTime_StoriesUITests.swift */; };
		72F6BCF12AD912FA00B24CB2 /* BedTime_StoriesUITestsLaunchTests.swift in Sources */ = {isa = PBXBuildFile; fileRef = 72F6BCF02AD912FA00B24CB2 /* BedTime_StoriesUITestsLaunchTests.swift */; };
		72F6BCFE2AD9CE2300B24CB2 /* AppinfoViewController.swift in Sources */ = {isa = PBXBuildFile; fileRef = 72F6BCFD2AD9CE2300B24CB2 /* AppinfoViewController.swift */; };
		72F6BD002ADA0F5000B24CB2 /* Level1ViewController.swift in Sources */ = {isa = PBXBuildFile; fileRef = 72F6BCFF2ADA0F5000B24CB2 /* Level1ViewController.swift */; };
		72F6BD022ADA101400B24CB2 /* L1Story1ViewController.swift in Sources */ = {isa = PBXBuildFile; fileRef = 72F6BD012ADA101400B24CB2 /* L1Story1ViewController.swift */; };
		72F6BD042ADA11C400B24CB2 /* L1S1Page1ViewController.swift in Sources */ = {isa = PBXBuildFile; fileRef = 72F6BD032ADA11C400B24CB2 /* L1S1Page1ViewController.swift */; };
		72F6BD062ADA1E8100B24CB2 /* level2ViewController.swift in Sources */ = {isa = PBXBuildFile; fileRef = 72F6BD052ADA1E8100B24CB2 /* level2ViewController.swift */; };
		72F6BD082ADA1F9700B24CB2 /* l2story1ViewController.swift in Sources */ = {isa = PBXBuildFile; fileRef = 72F6BD072ADA1F9700B24CB2 /* l2story1ViewController.swift */; };
		72F6BD0A2ADA2BC000B24CB2 /* l1story2ViewController.swift in Sources */ = {isa = PBXBuildFile; fileRef = 72F6BD092ADA2BC000B24CB2 /* l1story2ViewController.swift */; };
/* End PBXBuildFile section */

/* Begin PBXContainerItemProxy section */
		72F6BCE12AD912FA00B24CB2 /* PBXContainerItemProxy */ = {
			isa = PBXContainerItemProxy;
			containerPortal = 72F6BCC22AD912F900B24CB2 /* Project object */;
			proxyType = 1;
			remoteGlobalIDString = 72F6BCC92AD912F900B24CB2;
			remoteInfo = "BedTime Stories";
		};
		72F6BCEB2AD912FA00B24CB2 /* PBXContainerItemProxy */ = {
			isa = PBXContainerItemProxy;
			containerPortal = 72F6BCC22AD912F900B24CB2 /* Project object */;
			proxyType = 1;
			remoteGlobalIDString = 72F6BCC92AD912F900B24CB2;
			remoteInfo = "BedTime Stories";
		};
/* End PBXContainerItemProxy section */

/* Begin PBXFileReference section */
		72F6BCCA2AD912F900B24CB2 /* BedTime Stories.app */ = {isa = PBXFileReference; explicitFileType = wrapper.application; includeInIndex = 0; path = "BedTime Stories.app"; sourceTree = BUILT_PRODUCTS_DIR; };
		72F6BCCD2AD912F900B24CB2 /* AppDelegate.swift */ = {isa = PBXFileReference; lastKnownFileType = sourcecode.swift; path = AppDelegate.swift; sourceTree = "<group>"; };
		72F6BCCF2AD912F900B24CB2 /* SceneDelegate.swift */ = {isa = PBXFileReference; lastKnownFileType = sourcecode.swift; path = SceneDelegate.swift; sourceTree = "<group>"; };
		72F6BCD12AD912F900B24CB2 /* ViewController.swift */ = {isa = PBXFileReference; lastKnownFileType = sourcecode.swift; path = ViewController.swift; sourceTree = "<group>"; };
		72F6BCD42AD912F900B24CB2 /* Base */ = {isa = PBXFileReference; lastKnownFileType = file.storyboard; name = Base; path = Base.lproj/Main.storyboard; sourceTree = "<group>"; };
		72F6BCD62AD912FA00B24CB2 /* Assets.xcassets */ = {isa = PBXFileReference; lastKnownFileType = folder.assetcatalog; path = Assets.xcassets; sourceTree = "<group>"; };
		72F6BCD92AD912FA00B24CB2 /* Base */ = {isa = PBXFileReference; lastKnownFileType = file.storyboard; name = Base; path = Base.lproj/LaunchScreen.storyboard; sourceTree = "<group>"; };
		72F6BCDB2AD912FA00B24CB2 /* Info.plist */ = {isa = PBXFileReference; lastKnownFileType = text.plist.xml; path = Info.plist; sourceTree = "<group>"; };
		72F6BCE02AD912FA00B24CB2 /* BedTime StoriesTests.xctest */ = {isa = PBXFileReference; explicitFileType = wrapper.cfbundle; includeInIndex = 0; path = "BedTime StoriesTests.xctest"; sourceTree = BUILT_PRODUCTS_DIR; };
		72F6BCE42AD912FA00B24CB2 /* BedTime_StoriesTests.swift */ = {isa = PBXFileReference; lastKnownFileType = sourcecode.swift; path = BedTime_StoriesTests.swift; sourceTree = "<group>"; };
		72F6BCEA2AD912FA00B24CB2 /* BedTime StoriesUITests.xctest */ = {isa = PBXFileReference; explicitFileType = wrapper.cfbundle; includeInIndex = 0; path = "BedTime StoriesUITests.xctest"; sourceTree = BUILT_PRODUCTS_DIR; };
		72F6BCEE2AD912FA00B24CB2 /* BedTime_StoriesUITests.swift */ = {isa = PBXFileReference; lastKnownFileType = sourcecode.swift; path = BedTime_StoriesUITests.swift; sourceTree = "<group>"; };
		72F6BCF02AD912FA00B24CB2 /* BedTime_StoriesUITestsLaunchTests.swift */ = {isa = PBXFileReference; lastKnownFileType = sourcecode.swift; path = BedTime_StoriesUITestsLaunchTests.swift; sourceTree = "<group>"; };
		72F6BCFD2AD9CE2300B24CB2 /* AppinfoViewController.swift */ = {isa = PBXFileReference; lastKnownFileType = sourcecode.swift; path = AppinfoViewController.swift; sourceTree = "<group>"; };
		72F6BCFF2ADA0F5000B24CB2 /* Level1ViewController.swift */ = {isa = PBXFileReference; lastKnownFileType = sourcecode.swift; path = Level1ViewController.swift; sourceTree = "<group>"; };
		72F6BD012ADA101400B24CB2 /* L1Story1ViewController.swift */ = {isa = PBXFileReference; lastKnownFileType = sourcecode.swift; path = L1Story1ViewController.swift; sourceTree = "<group>"; };
		72F6BD032ADA11C400B24CB2 /* L1S1Page1ViewController.swift */ = {isa = PBXFileReference; lastKnownFileType = sourcecode.swift; path = L1S1Page1ViewController.swift; sourceTree = "<group>"; };
		72F6BD052ADA1E8100B24CB2 /* level2ViewController.swift */ = {isa = PBXFileReference; lastKnownFileType = sourcecode.swift; path = level2ViewController.swift; sourceTree = "<group>"; };
		72F6BD072ADA1F9700B24CB2 /* l2story1ViewController.swift */ = {isa = PBXFileReference; lastKnownFileType = sourcecode.swift; path = l2story1ViewController.swift; sourceTree = "<group>"; };
		72F6BD092ADA2BC000B24CB2 /* l1story2ViewController.swift */ = {isa = PBXFileReference; lastKnownFileType = sourcecode.swift; path = l1story2ViewController.swift; sourceTree = "<group>"; };
/* End PBXFileReference section */

/* Begin PBXFrameworksBuildPhase section */
		72F6BCC72AD912F900B24CB2 /* Frameworks */ = {
			isa = PBXFrameworksBuildPhase;
			buildActionMask = 2147483647;
			files = (
			);
			runOnlyForDeploymentPostprocessing = 0;
		};
		72F6BCDD2AD912FA00B24CB2 /* Frameworks */ = {
			isa = PBXFrameworksBuildPhase;
			buildActionMask = 2147483647;
			files = (
			);
			runOnlyForDeploymentPostprocessing = 0;
		};
		72F6BCE72AD912FA00B24CB2 /* Frameworks */ = {
			isa = PBXFrameworksBuildPhase;
			buildActionMask = 2147483647;
			files = (
			);
			runOnlyForDeploymentPostprocessing = 0;
		};
/* End PBXFrameworksBuildPhase section */

/* Begin PBXGroup section */
		72F6BCC12AD912F900B24CB2 = {
			isa = PBXGroup;
			children = (
				72F6BD092ADA2BC000B24CB2 /* l1story2ViewController.swift */,
				72F6BD072ADA1F9700B24CB2 /* l2story1ViewController.swift */,
				72F6BD052ADA1E8100B24CB2 /* level2ViewController.swift */,
				72F6BD032ADA11C400B24CB2 /* L1S1Page1ViewController.swift */,
				72F6BD012ADA101400B24CB2 /* L1Story1ViewController.swift */,
				72F6BCFF2ADA0F5000B24CB2 /* Level1ViewController.swift */,
				72F6BCCC2AD912F900B24CB2 /* BedTime Stories */,
				72F6BCE32AD912FA00B24CB2 /* BedTime StoriesTests */,
				72F6BCED2AD912FA00B24CB2 /* BedTime StoriesUITests */,
				72F6BCCB2AD912F900B24CB2 /* Products */,
			);
			sourceTree = "<group>";
		};
		72F6BCCB2AD912F900B24CB2 /* Products */ = {
			isa = PBXGroup;
			children = (
				72F6BCCA2AD912F900B24CB2 /* BedTime Stories.app */,
				72F6BCE02AD912FA00B24CB2 /* BedTime StoriesTests.xctest */,
				72F6BCEA2AD912FA00B24CB2 /* BedTime StoriesUITests.xctest */,
			);
			name = Products;
			sourceTree = "<group>";
		};
		72F6BCCC2AD912F900B24CB2 /* BedTime Stories */ = {
			isa = PBXGroup;
			children = (
				72F6BCCD2AD912F900B24CB2 /* AppDelegate.swift */,
				72F6BCCF2AD912F900B24CB2 /* SceneDelegate.swift */,
				72F6BCD12AD912F900B24CB2 /* ViewController.swift */,
				72F6BCD32AD912F900B24CB2 /* Main.storyboard */,
				72F6BCFD2AD9CE2300B24CB2 /* AppinfoViewController.swift */,
				72F6BCD62AD912FA00B24CB2 /* Assets.xcassets */,
				72F6BCD82AD912FA00B24CB2 /* LaunchScreen.storyboard */,
				72F6BCDB2AD912FA00B24CB2 /* Info.plist */,
			);
			path = "BedTime Stories";
			sourceTree = "<group>";
		};
		72F6BCE32AD912FA00B24CB2 /* BedTime StoriesTests */ = {
			isa = PBXGroup;
			children = (
				72F6BCE42AD912FA00B24CB2 /* BedTime_StoriesTests.swift */,
			);
			path = "BedTime StoriesTests";
			sourceTree = "<group>";
		};
		72F6BCED2AD912FA00B24CB2 /* BedTime StoriesUITests */ = {
			isa = PBXGroup;
			children = (
				72F6BCEE2AD912FA00B24CB2 /* BedTime_StoriesUITests.swift */,
				72F6BCF02AD912FA00B24CB2 /* BedTime_StoriesUITestsLaunchTests.swift */,
			);
			path = "BedTime StoriesUITests";
			sourceTree = "<group>";
		};
/* End PBXGroup section */

/* Begin PBXNativeTarget section */
		72F6BCC92AD912F900B24CB2 /* BedTime Stories */ = {
			isa = PBXNativeTarget;
			buildConfigurationList = 72F6BCF42AD912FA00B24CB2 /* Build configuration list for PBXNativeTarget "BedTime Stories" */;
			buildPhases = (
				72F6BCC62AD912F900B24CB2 /* Sources */,
				72F6BCC72AD912F900B24CB2 /* Frameworks */,
				72F6BCC82AD912F900B24CB2 /* Resources */,
			);
			buildRules = (
			);
			dependencies = (
			);
			name = "BedTime Stories";
			productName = "BedTime Stories";
			productReference = 72F6BCCA2AD912F900B24CB2 /* BedTime Stories.app */;
			productType = "com.apple.product-type.application";
		};
		72F6BCDF2AD912FA00B24CB2 /* BedTime StoriesTests */ = {
			isa = PBXNativeTarget;
			buildConfigurationList = 72F6BCF72AD912FA00B24CB2 /* Build configuration list for PBXNativeTarget "BedTime StoriesTests" */;
			buildPhases = (
				72F6BCDC2AD912FA00B24CB2 /* Sources */,
				72F6BCDD2AD912FA00B24CB2 /* Frameworks */,
				72F6BCDE2AD912FA00B24CB2 /* Resources */,
			);
			buildRules = (
			);
			dependencies = (
				72F6BCE22AD912FA00B24CB2 /* PBXTargetDependency */,
			);
			name = "BedTime StoriesTests";
			productName = "BedTime StoriesTests";
			productReference = 72F6BCE02AD912FA00B24CB2 /* BedTime StoriesTests.xctest */;
			productType = "com.apple.product-type.bundle.unit-test";
		};
		72F6BCE92AD912FA00B24CB2 /* BedTime StoriesUITests */ = {
			isa = PBXNativeTarget;
			buildConfigurationList = 72F6BCFA2AD912FA00B24CB2 /* Build configuration list for PBXNativeTarget "BedTime StoriesUITests" */;
			buildPhases = (
				72F6BCE62AD912FA00B24CB2 /* Sources */,
				72F6BCE72AD912FA00B24CB2 /* Frameworks */,
				72F6BCE82AD912FA00B24CB2 /* Resources */,
			);
			buildRules = (
			);
			dependencies = (
				72F6BCEC2AD912FA00B24CB2 /* PBXTargetDependency */,
			);
			name = "BedTime StoriesUITests";
			productName = "BedTime StoriesUITests";
			productReference = 72F6BCEA2AD912FA00B24CB2 /* BedTime StoriesUITests.xctest */;
			productType = "com.apple.product-type.bundle.ui-testing";
		};
/* End PBXNativeTarget section */

/* Begin PBXProject section */
		72F6BCC22AD912F900B24CB2 /* Project object */ = {
			isa = PBXProject;
			attributes = {
				BuildIndependentTargetsInParallel = 1;
				LastSwiftUpdateCheck = 1500;
				LastUpgradeCheck = 1500;
				TargetAttributes = {
					72F6BCC92AD912F900B24CB2 = {
						CreatedOnToolsVersion = 15.0;
					};
					72F6BCDF2AD912FA00B24CB2 = {
						CreatedOnToolsVersion = 15.0;
						TestTargetID = 72F6BCC92AD912F900B24CB2;
					};
					72F6BCE92AD912FA00B24CB2 = {
						CreatedOnToolsVersion = 15.0;
						TestTargetID = 72F6BCC92AD912F900B24CB2;
					};
				};
			};
			buildConfigurationList = 72F6BCC52AD912F900B24CB2 /* Build configuration list for PBXProject "BedTime Stories" */;
			compatibilityVersion = "Xcode 14.0";
			developmentRegion = en;
			hasScannedForEncodings = 0;
			knownRegions = (
				en,
				Base,
			);
			mainGroup = 72F6BCC12AD912F900B24CB2;
			productRefGroup = 72F6BCCB2AD912F900B24CB2 /* Products */;
			projectDirPath = "";
			projectRoot = "";
			targets = (
				72F6BCC92AD912F900B24CB2 /* BedTime Stories */,
				72F6BCDF2AD912FA00B24CB2 /* BedTime StoriesTests */,
				72F6BCE92AD912FA00B24CB2 /* BedTime StoriesUITests */,
			);
		};
/* End PBXProject section */

/* Begin PBXResourcesBuildPhase section */
		72F6BCC82AD912F900B24CB2 /* Resources */ = {
			isa = PBXResourcesBuildPhase;
			buildActionMask = 2147483647;
			files = (
				72F6BCDA2AD912FA00B24CB2 /* LaunchScreen.storyboard in Resources */,
				72F6BCD72AD912FA00B24CB2 /* Assets.xcassets in Resources */,
				72F6BCD52AD912F900B24CB2 /* Main.storyboard in Resources */,
			);
			runOnlyForDeploymentPostprocessing = 0;
		};
		72F6BCDE2AD912FA00B24CB2 /* Resources */ = {
			isa = PBXResourcesBuildPhase;
			buildActionMask = 2147483647;
			files = (
			);
			runOnlyForDeploymentPostprocessing = 0;
		};
		72F6BCE82AD912FA00B24CB2 /* Resources */ = {
			isa = PBXResourcesBuildPhase;
			buildActionMask = 2147483647;
			files = (
			);
			runOnlyForDeploymentPostprocessing = 0;
		};
/* End PBXResourcesBuildPhase section */

/* Begin PBXSourcesBuildPhase section */
		72F6BCC62AD912F900B24CB2 /* Sources */ = {
			isa = PBXSourcesBuildPhase;
			buildActionMask = 2147483647;
			files = (
				72F6BD0A2ADA2BC000B24CB2 /* l1story2ViewController.swift in Sources */,
				72F6BD002ADA0F5000B24CB2 /* Level1ViewController.swift in Sources */,
				72F6BCD22AD912F900B24CB2 /* ViewController.swift in Sources */,
				72F6BCCE2AD912F900B24CB2 /* AppDelegate.swift in Sources */,
				72F6BCFE2AD9CE2300B24CB2 /* AppinfoViewController.swift in Sources */,
				72F6BCD02AD912F900B24CB2 /* SceneDelegate.swift in Sources */,
				72F6BD042ADA11C400B24CB2 /* L1S1Page1ViewController.swift in Sources */,
				72F6BD062ADA1E8100B24CB2 /* level2ViewController.swift in Sources */,
				72F6BD022ADA101400B24CB2 /* L1Story1ViewController.swift in Sources */,
				72F6BD082ADA1F9700B24CB2 /* l2story1ViewController.swift in Sources */,
			);
			runOnlyForDeploymentPostprocessing = 0;
		};
		72F6BCDC2AD912FA00B24CB2 /* Sources */ = {
			isa = PBXSourcesBuildPhase;
			buildActionMask = 2147483647;
			files = (
				72F6BCE52AD912FA00B24CB2 /* BedTime_StoriesTests.swift in Sources */,
			);
			runOnlyForDeploymentPostprocessing = 0;
		};
		72F6BCE62AD912FA00B24CB2 /* Sources */ = {
			isa = PBXSourcesBuildPhase;
			buildActionMask = 2147483647;
			files = (
				72F6BCEF2AD912FA00B24CB2 /* BedTime_StoriesUITests.swift in Sources */,
				72F6BCF12AD912FA00B24CB2 /* BedTime_StoriesUITestsLaunchTests.swift in Sources */,
			);
			runOnlyForDeploymentPostprocessing = 0;
		};
/* End PBXSourcesBuildPhase section */

/* Begin PBXTargetDependency section */
		72F6BCE22AD912FA00B24CB2 /* PBXTargetDependency */ = {
			isa = PBXTargetDependency;
			target = 72F6BCC92AD912F900B24CB2 /* BedTime Stories */;
			targetProxy = 72F6BCE12AD912FA00B24CB2 /* PBXContainerItemProxy */;
		};
		72F6BCEC2AD912FA00B24CB2 /* PBXTargetDependency */ = {
			isa = PBXTargetDependency;
			target = 72F6BCC92AD912F900B24CB2 /* BedTime Stories */;
			targetProxy = 72F6BCEB2AD912FA00B24CB2 /* PBXContainerItemProxy */;
		};
/* End PBXTargetDependency section */

/* Begin PBXVariantGroup section */
		72F6BCD32AD912F900B24CB2 /* Main.storyboard */ = {
			isa = PBXVariantGroup;
			children = (
				72F6BCD42AD912F900B24CB2 /* Base */,
			);
			name = Main.storyboard;
			sourceTree = "<group>";
		};
		72F6BCD82AD912FA00B24CB2 /* LaunchScreen.storyboard */ = {
			isa = PBXVariantGroup;
			children = (
				72F6BCD92AD912FA00B24CB2 /* Base */,
			);
			name = LaunchScreen.storyboard;
			sourceTree = "<group>";
		};
/* End PBXVariantGroup section */

/* Begin XCBuildConfiguration section */
		72F6BCF22AD912FA00B24CB2 /* Debug */ = {
			isa = XCBuildConfiguration;
			buildSettings = {
				ALWAYS_SEARCH_USER_PATHS = NO;
				ASSETCATALOG_COMPILER_GENERATE_SWIFT_ASSET_SYMBOL_EXTENSIONS = YES;
				CLANG_ANALYZER_NONNULL = YES;
				CLANG_ANALYZER_NUMBER_OBJECT_CONVERSION = YES_AGGRESSIVE;
				CLANG_CXX_LANGUAGE_STANDARD = "gnu++20";
				CLANG_ENABLE_MODULES = YES;
				CLANG_ENABLE_OBJC_ARC = YES;
				CLANG_ENABLE_OBJC_WEAK = YES;
				CLANG_WARN_BLOCK_CAPTURE_AUTORELEASING = YES;
				CLANG_WARN_BOOL_CONVERSION = YES;
				CLANG_WARN_COMMA = YES;
				CLANG_WARN_CONSTANT_CONVERSION = YES;
				CLANG_WARN_DEPRECATED_OBJC_IMPLEMENTATIONS = YES;
				CLANG_WARN_DIRECT_OBJC_ISA_USAGE = YES_ERROR;
				CLANG_WARN_DOCUMENTATION_COMMENTS = YES;
				CLANG_WARN_EMPTY_BODY = YES;
				CLANG_WARN_ENUM_CONVERSION = YES;
				CLANG_WARN_INFINITE_RECURSION = YES;
				CLANG_WARN_INT_CONVERSION = YES;
				CLANG_WARN_NON_LITERAL_NULL_CONVERSION = YES;
				CLANG_WARN_OBJC_IMPLICIT_RETAIN_SELF = YES;
				CLANG_WARN_OBJC_LITERAL_CONVERSION = YES;
				CLANG_WARN_OBJC_ROOT_CLASS = YES_ERROR;
				CLANG_WARN_QUOTED_INCLUDE_IN_FRAMEWORK_HEADER = YES;
				CLANG_WARN_RANGE_LOOP_ANALYSIS = YES;
				CLANG_WARN_STRICT_PROTOTYPES = YES;
				CLANG_WARN_SUSPICIOUS_MOVE = YES;
				CLANG_WARN_UNGUARDED_AVAILABILITY = YES_AGGRESSIVE;
				CLANG_WARN_UNREACHABLE_CODE = YES;
				CLANG_WARN__DUPLICATE_METHOD_MATCH = YES;
				COPY_PHASE_STRIP = NO;
				DEBUG_INFORMATION_FORMAT = dwarf;
				ENABLE_STRICT_OBJC_MSGSEND = YES;
				ENABLE_TESTABILITY = YES;
				ENABLE_USER_SCRIPT_SANDBOXING = YES;
				GCC_C_LANGUAGE_STANDARD = gnu17;
				GCC_DYNAMIC_NO_PIC = NO;
				GCC_NO_COMMON_BLOCKS = YES;
				GCC_OPTIMIZATION_LEVEL = 0;
				GCC_PREPROCESSOR_DEFINITIONS = (
					"DEBUG=1",
					"$(inherited)",
				);
				GCC_WARN_64_TO_32_BIT_CONVERSION = YES;
				GCC_WARN_ABOUT_RETURN_TYPE = YES_ERROR;
				GCC_WARN_UNDECLARED_SELECTOR = YES;
				GCC_WARN_UNINITIALIZED_AUTOS = YES_AGGRESSIVE;
				GCC_WARN_UNUSED_FUNCTION = YES;
				GCC_WARN_UNUSED_VARIABLE = YES;
				IPHONEOS_DEPLOYMENT_TARGET = 17.0;
				LOCALIZATION_PREFERS_STRING_CATALOGS = YES;
				MTL_ENABLE_DEBUG_INFO = INCLUDE_SOURCE;
				MTL_FAST_MATH = YES;
				ONLY_ACTIVE_ARCH = YES;
				SDKROOT = iphoneos;
				SWIFT_ACTIVE_COMPILATION_CONDITIONS = "DEBUG $(inherited)";
				SWIFT_OPTIMIZATION_LEVEL = "-Onone";
			};
			name = Debug;
		};
		72F6BCF32AD912FA00B24CB2 /* Release */ = {
			isa = XCBuildConfiguration;
			buildSettings = {
				ALWAYS_SEARCH_USER_PATHS = NO;
				ASSETCATALOG_COMPILER_GENERATE_SWIFT_ASSET_SYMBOL_EXTENSIONS = YES;
				CLANG_ANALYZER_NONNULL = YES;
				CLANG_ANALYZER_NUMBER_OBJECT_CONVERSION = YES_AGGRESSIVE;
				CLANG_CXX_LANGUAGE_STANDARD = "gnu++20";
				CLANG_ENABLE_MODULES = YES;
				CLANG_ENABLE_OBJC_ARC = YES;
				CLANG_ENABLE_OBJC_WEAK = YES;
				CLANG_WARN_BLOCK_CAPTURE_AUTORELEASING = YES;
				CLANG_WARN_BOOL_CONVERSION = YES;
				CLANG_WARN_COMMA = YES;
				CLANG_WARN_CONSTANT_CONVERSION = YES;
				CLANG_WARN_DEPRECATED_OBJC_IMPLEMENTATIONS = YES;
				CLANG_WARN_DIRECT_OBJC_ISA_USAGE = YES_ERROR;
				CLANG_WARN_DOCUMENTATION_COMMENTS = YES;
				CLANG_WARN_EMPTY_BODY = YES;
				CLANG_WARN_ENUM_CONVERSION = YES;
				CLANG_WARN_INFINITE_RECURSION = YES;
				CLANG_WARN_INT_CONVERSION = YES;
				CLANG_WARN_NON_LITERAL_NULL_CONVERSION = YES;
				CLANG_WARN_OBJC_IMPLICIT_RETAIN_SELF = YES;
				CLANG_WARN_OBJC_LITERAL_CONVERSION = YES;
				CLANG_WARN_OBJC_ROOT_CLASS = YES_ERROR;
				CLANG_WARN_QUOTED_INCLUDE_IN_FRAMEWORK_HEADER = YES;
				CLANG_WARN_RANGE_LOOP_ANALYSIS = YES;
				CLANG_WARN_STRICT_PROTOTYPES = YES;
				CLANG_WARN_SUSPICIOUS_MOVE = YES;
				CLANG_WARN_UNGUARDED_AVAILABILITY = YES_AGGRESSIVE;
				CLANG_WARN_UNREACHABLE_CODE = YES;
				CLANG_WARN__DUPLICATE_METHOD_MATCH = YES;
				COPY_PHASE_STRIP = NO;
				DEBUG_INFORMATION_FORMAT = "dwarf-with-dsym";
				ENABLE_NS_ASSERTIONS = NO;
				ENABLE_STRICT_OBJC_MSGSEND = YES;
				ENABLE_USER_SCRIPT_SANDBOXING = YES;
				GCC_C_LANGUAGE_STANDARD = gnu17;
				GCC_NO_COMMON_BLOCKS = YES;
				GCC_WARN_64_TO_32_BIT_CONVERSION = YES;
				GCC_WARN_ABOUT_RETURN_TYPE = YES_ERROR;
				GCC_WARN_UNDECLARED_SELECTOR = YES;
				GCC_WARN_UNINITIALIZED_AUTOS = YES_AGGRESSIVE;
				GCC_WARN_UNUSED_FUNCTION = YES;
				GCC_WARN_UNUSED_VARIABLE = YES;
				IPHONEOS_DEPLOYMENT_TARGET = 17.0;
				LOCALIZATION_PREFERS_STRING_CATALOGS = YES;
				MTL_ENABLE_DEBUG_INFO = NO;
				MTL_FAST_MATH = YES;
				SDKROOT = iphoneos;
				SWIFT_COMPILATION_MODE = wholemodule;
				VALIDATE_PRODUCT = YES;
			};
			name = Release;
		};
		72F6BCF52AD912FA00B24CB2 /* Debug */ = {
			isa = XCBuildConfiguration;
			buildSettings = {
				ASSETCATALOG_COMPILER_APPICON_NAME = AppIcon;
				ASSETCATALOG_COMPILER_GLOBAL_ACCENT_COLOR_NAME = AccentColor;
				CODE_SIGN_STYLE = Automatic;
				CURRENT_PROJECT_VERSION = 1;
				DEVELOPMENT_TEAM = 2BMFQ592JR;
				GENERATE_INFOPLIST_FILE = YES;
				INFOPLIST_FILE = "BedTime Stories/Info.plist";
				INFOPLIST_KEY_UIApplicationSupportsIndirectInputEvents = YES;
				INFOPLIST_KEY_UILaunchStoryboardName = LaunchScreen;
				INFOPLIST_KEY_UIMainStoryboardFile = Main;
				INFOPLIST_KEY_UISupportedInterfaceOrientations = UIInterfaceOrientationPortrait;
				LD_RUNPATH_SEARCH_PATHS = (
					"$(inherited)",
					"@executable_path/Frameworks",
				);
				MARKETING_VERSION = 1.0;
				PRODUCT_BUNDLE_IDENTIFIER = "Conestogac.BedTime-Stories";
				PRODUCT_NAME = "$(TARGET_NAME)";
				SWIFT_EMIT_LOC_STRINGS = YES;
				SWIFT_VERSION = 5.0;
				TARGETED_DEVICE_FAMILY = "1,2";
			};
			name = Debug;
		};
		72F6BCF62AD912FA00B24CB2 /* Release */ = {
			isa = XCBuildConfiguration;
			buildSettings = {
				ASSETCATALOG_COMPILER_APPICON_NAME = AppIcon;
				ASSETCATALOG_COMPILER_GLOBAL_ACCENT_COLOR_NAME = AccentColor;
				CODE_SIGN_STYLE = Automatic;
				CURRENT_PROJECT_VERSION = 1;
				DEVELOPMENT_TEAM = 2BMFQ592JR;
				GENERATE_INFOPLIST_FILE = YES;
				INFOPLIST_FILE = "BedTime Stories/Info.plist";
				INFOPLIST_KEY_UIApplicationSupportsIndirectInputEvents = YES;
				INFOPLIST_KEY_UILaunchStoryboardName = LaunchScreen;
				INFOPLIST_KEY_UIMainStoryboardFile = Main;
				INFOPLIST_KEY_UISupportedInterfaceOrientations = UIInterfaceOrientationPortrait;
				LD_RUNPATH_SEARCH_PATHS = (
					"$(inherited)",
					"@executable_path/Frameworks",
				);
				MARKETING_VERSION = 1.0;
				PRODUCT_BUNDLE_IDENTIFIER = "Conestogac.BedTime-Stories";
				PRODUCT_NAME = "$(TARGET_NAME)";
				SWIFT_EMIT_LOC_STRINGS = YES;
				SWIFT_VERSION = 5.0;
				TARGETED_DEVICE_FAMILY = "1,2";
			};
			name = Release;
		};
		72F6BCF82AD912FA00B24CB2 /* Debug */ = {
			isa = XCBuildConfiguration;
			buildSettings = {
				ALWAYS_EMBED_SWIFT_STANDARD_LIBRARIES = YES;
				BUNDLE_LOADER = "$(TEST_HOST)";
				CODE_SIGN_STYLE = Automatic;
				CURRENT_PROJECT_VERSION = 1;
				DEVELOPMENT_TEAM = 2BMFQ592JR;
				GENERATE_INFOPLIST_FILE = YES;
				IPHONEOS_DEPLOYMENT_TARGET = 17.0;
				MARKETING_VERSION = 1.0;
				PRODUCT_BUNDLE_IDENTIFIER = "Conestogac.BedTime-StoriesTests";
				PRODUCT_NAME = "$(TARGET_NAME)";
				SWIFT_EMIT_LOC_STRINGS = NO;
				SWIFT_VERSION = 5.0;
				TARGETED_DEVICE_FAMILY = "1,2";
				TEST_HOST = "$(BUILT_PRODUCTS_DIR)/BedTime Stories.app/$(BUNDLE_EXECUTABLE_FOLDER_PATH)/BedTime Stories";
			};
			name = Debug;
		};
		72F6BCF92AD912FA00B24CB2 /* Release */ = {
			isa = XCBuildConfiguration;
			buildSettings = {
				ALWAYS_EMBED_SWIFT_STANDARD_LIBRARIES = YES;
				BUNDLE_LOADER = "$(TEST_HOST)";
				CODE_SIGN_STYLE = Automatic;
				CURRENT_PROJECT_VERSION = 1;
				DEVELOPMENT_TEAM = 2BMFQ592JR;
				GENERATE_INFOPLIST_FILE = YES;
				IPHONEOS_DEPLOYMENT_TARGET = 17.0;
				MARKETING_VERSION = 1.0;
				PRODUCT_BUNDLE_IDENTIFIER = "Conestogac.BedTime-StoriesTests";
				PRODUCT_NAME = "$(TARGET_NAME)";
				SWIFT_EMIT_LOC_STRINGS = NO;
				SWIFT_VERSION = 5.0;
				TARGETED_DEVICE_FAMILY = "1,2";
				TEST_HOST = "$(BUILT_PRODUCTS_DIR)/BedTime Stories.app/$(BUNDLE_EXECUTABLE_FOLDER_PATH)/BedTime Stories";
			};
			name = Release;
		};
		72F6BCFB2AD912FA00B24CB2 /* Debug */ = {
			isa = XCBuildConfiguration;
			buildSettings = {
				ALWAYS_EMBED_SWIFT_STANDARD_LIBRARIES = YES;
				CODE_SIGN_STYLE = Automatic;
				CURRENT_PROJECT_VERSION = 1;
				DEVELOPMENT_TEAM = 2BMFQ592JR;
				GENERATE_INFOPLIST_FILE = YES;
				MARKETING_VERSION = 1.0;
				PRODUCT_BUNDLE_IDENTIFIER = "Conestogac.BedTime-StoriesUITests";
				PRODUCT_NAME = "$(TARGET_NAME)";
				SWIFT_EMIT_LOC_STRINGS = NO;
				SWIFT_VERSION = 5.0;
				TARGETED_DEVICE_FAMILY = "1,2";
				TEST_TARGET_NAME = "BedTime Stories";
			};
			name = Debug;
		};
		72F6BCFC2AD912FA00B24CB2 /* Release */ = {
			isa = XCBuildConfiguration;
			buildSettings = {
				ALWAYS_EMBED_SWIFT_STANDARD_LIBRARIES = YES;
				CODE_SIGN_STYLE = Automatic;
				CURRENT_PROJECT_VERSION = 1;
				DEVELOPMENT_TEAM = 2BMFQ592JR;
				GENERATE_INFOPLIST_FILE = YES;
				MARKETING_VERSION = 1.0;
				PRODUCT_BUNDLE_IDENTIFIER = "Conestogac.BedTime-StoriesUITests";
				PRODUCT_NAME = "$(TARGET_NAME)";
				SWIFT_EMIT_LOC_STRINGS = NO;
				SWIFT_VERSION = 5.0;
				TARGETED_DEVICE_FAMILY = "1,2";
				TEST_TARGET_NAME = "BedTime Stories";
			};
			name = Release;
		};
/* End XCBuildConfiguration section */

/* Begin XCConfigurationList section */
		72F6BCC52AD912F900B24CB2 /* Build configuration list for PBXProject "BedTime Stories" */ = {
			isa = XCConfigurationList;
			buildConfigurations = (
				72F6BCF22AD912FA00B24CB2 /* Debug */,
				72F6BCF32AD912FA00B24CB2 /* Release */,
			);
			defaultConfigurationIsVisible = 0;
			defaultConfigurationName = Release;
		};
		72F6BCF42AD912FA00B24CB2 /* Build configuration list for PBXNativeTarget "BedTime Stories" */ = {
			isa = XCConfigurationList;
			buildConfigurations = (
				72F6BCF52AD912FA00B24CB2 /* Debug */,
				72F6BCF62AD912FA00B24CB2 /* Release */,
			);
			defaultConfigurationIsVisible = 0;
			defaultConfigurationName = Release;
		};
		72F6BCF72AD912FA00B24CB2 /* Build configuration list for PBXNativeTarget "BedTime StoriesTests" */ = {
			isa = XCConfigurationList;
			buildConfigurations = (
				72F6BCF82AD912FA00B24CB2 /* Debug */,
				72F6BCF92AD912FA00B24CB2 /* Release */,
			);
			defaultConfigurationIsVisible = 0;
			defaultConfigurationName = Release;
		};
		72F6BCFA2AD912FA00B24CB2 /* Build configuration list for PBXNativeTarget "BedTime StoriesUITests" */ = {
			isa = XCConfigurationList;
			buildConfigurations = (
				72F6BCFB2AD912FA00B24CB2 /* Debug */,
				72F6BCFC2AD912FA00B24CB2 /* Release */,
			);
			defaultConfigurationIsVisible = 0;
			defaultConfigurationName = Release;
		};
/* End XCConfigurationList section */
	};
	rootObject = 72F6BCC22AD912F900B24CB2 /* Project object */;
}
